// !$*UTF8*$!
{
	archiveVersion = 1;
	classes = {
	};
	objectVersion = 48;
	objects = {

/* Begin PBXBuildFile section */
		049ACCCC2080021800B32416 /* AppDelegate.m in Sources */ = {isa = PBXBuildFile; fileRef = 049ACCCB2080021800B32416 /* AppDelegate.m */; };
		049ACCCF2080021800B32416 /* LocationViewController.m in Sources */ = {isa = PBXBuildFile; fileRef = 049ACCCE2080021800B32416 /* LocationViewController.m */; };
		049ACCD22080021800B32416 /* Main.storyboard in Resources */ = {isa = PBXBuildFile; fileRef = 049ACCD02080021800B32416 /* Main.storyboard */; };
		049ACCD42080021800B32416 /* Assets.xcassets in Resources */ = {isa = PBXBuildFile; fileRef = 049ACCD32080021800B32416 /* Assets.xcassets */; };
		049ACCD72080021800B32416 /* LaunchScreen.storyboard in Resources */ = {isa = PBXBuildFile; fileRef = 049ACCD52080021800B32416 /* LaunchScreen.storyboard */; };
		049ACCDA2080021800B32416 /* main.m in Sources */ = {isa = PBXBuildFile; fileRef = 049ACCD92080021800B32416 /* main.m */; };
		049ACCE42080021900B32416 /* WeatherAppTestTests.m in Sources */ = {isa = PBXBuildFile; fileRef = 049ACCE32080021900B32416 /* WeatherAppTestTests.m */; };
		049ACCF9208065E300B32416 /* WeatherAppTestMockTests.m in Sources */ = {isa = PBXBuildFile; fileRef = 049ACCF8208065E300B32416 /* WeatherAppTestMockTests.m */; };
		049ACD0620806D8800B32416 /* ForecastViewController.m in Sources */ = {isa = PBXBuildFile; fileRef = 049ACD0520806D8800B32416 /* ForecastViewController.m */; };
		049ACD0920806E0A00B32416 /* NetworkService.m in Sources */ = {isa = PBXBuildFile; fileRef = 049ACD0820806E0A00B32416 /* NetworkService.m */; };
		049ACD1320808AF600B32416 /* ForecastDay.m in Sources */ = {isa = PBXBuildFile; fileRef = 049ACD1220808AF600B32416 /* ForecastDay.m */; };
/* End PBXBuildFile section */

/* Begin PBXContainerItemProxy section */
		049ACCE02080021900B32416 /* PBXContainerItemProxy */ = {
			isa = PBXContainerItemProxy;
			containerPortal = 049ACCBF2080021800B32416 /* Project object */;
			proxyType = 1;
			remoteGlobalIDString = 049ACCC62080021800B32416;
			remoteInfo = WeatherAppTest;
		};
		049ACCFB208065E300B32416 /* PBXContainerItemProxy */ = {
			isa = PBXContainerItemProxy;
			containerPortal = 049ACCBF2080021800B32416 /* Project object */;
			proxyType = 1;
			remoteGlobalIDString = 049ACCC62080021800B32416;
			remoteInfo = WeatherAppTest;
		};
/* End PBXContainerItemProxy section */

/* Begin PBXFileReference section */
		049ACCC72080021800B32416 /* WeatherAppTest.app */ = {isa = PBXFileReference; explicitFileType = wrapper.application; includeInIndex = 0; path = WeatherAppTest.app; sourceTree = BUILT_PRODUCTS_DIR; };
		049ACCCA2080021800B32416 /* AppDelegate.h */ = {isa = PBXFileReference; lastKnownFileType = sourcecode.c.h; path = AppDelegate.h; sourceTree = "<group>"; };
		049ACCCB2080021800B32416 /* AppDelegate.m */ = {isa = PBXFileReference; lastKnownFileType = sourcecode.c.objc; path = AppDelegate.m; sourceTree = "<group>"; };
		049ACCCD2080021800B32416 /* LocationViewController.h */ = {isa = PBXFileReference; lastKnownFileType = sourcecode.c.h; path = LocationViewController.h; sourceTree = "<group>"; };
		049ACCCE2080021800B32416 /* LocationViewController.m */ = {isa = PBXFileReference; lastKnownFileType = sourcecode.c.objc; path = LocationViewController.m; sourceTree = "<group>"; };
		049ACCD12080021800B32416 /* Base */ = {isa = PBXFileReference; lastKnownFileType = file.storyboard; name = Base; path = Base.lproj/Main.storyboard; sourceTree = "<group>"; };
		049ACCD32080021800B32416 /* Assets.xcassets */ = {isa = PBXFileReference; lastKnownFileType = folder.assetcatalog; path = Assets.xcassets; sourceTree = "<group>"; };
		049ACCD62080021800B32416 /* Base */ = {isa = PBXFileReference; lastKnownFileType = file.storyboard; name = Base; path = Base.lproj/LaunchScreen.storyboard; sourceTree = "<group>"; };
		049ACCD82080021800B32416 /* Info.plist */ = {isa = PBXFileReference; lastKnownFileType = text.plist.xml; path = Info.plist; sourceTree = "<group>"; };
		049ACCD92080021800B32416 /* main.m */ = {isa = PBXFileReference; lastKnownFileType = sourcecode.c.objc; path = main.m; sourceTree = "<group>"; };
		049ACCDF2080021900B32416 /* WeatherAppTestTests.xctest */ = {isa = PBXFileReference; explicitFileType = wrapper.cfbundle; includeInIndex = 0; path = WeatherAppTestTests.xctest; sourceTree = BUILT_PRODUCTS_DIR; };
		049ACCE32080021900B32416 /* WeatherAppTestTests.m */ = {isa = PBXFileReference; lastKnownFileType = sourcecode.c.objc; path = WeatherAppTestTests.m; sourceTree = "<group>"; };
		049ACCE52080021900B32416 /* Info.plist */ = {isa = PBXFileReference; lastKnownFileType = text.plist.xml; path = Info.plist; sourceTree = "<group>"; };
		049ACCF6208065E300B32416 /* WeatherAppTestMockTests.xctest */ = {isa = PBXFileReference; explicitFileType = wrapper.cfbundle; includeInIndex = 0; path = WeatherAppTestMockTests.xctest; sourceTree = BUILT_PRODUCTS_DIR; };
		049ACCF8208065E300B32416 /* WeatherAppTestMockTests.m */ = {isa = PBXFileReference; lastKnownFileType = sourcecode.c.objc; path = WeatherAppTestMockTests.m; sourceTree = "<group>"; };
		049ACCFA208065E300B32416 /* Info.plist */ = {isa = PBXFileReference; lastKnownFileType = text.plist.xml; path = Info.plist; sourceTree = "<group>"; };
		049ACD0420806D8800B32416 /* ForecastViewController.h */ = {isa = PBXFileReference; lastKnownFileType = sourcecode.c.h; path = ForecastViewController.h; sourceTree = "<group>"; };
		049ACD0520806D8800B32416 /* ForecastViewController.m */ = {isa = PBXFileReference; lastKnownFileType = sourcecode.c.objc; path = ForecastViewController.m; sourceTree = "<group>"; };
		049ACD0720806E0A00B32416 /* NetworkService.h */ = {isa = PBXFileReference; lastKnownFileType = sourcecode.c.h; path = NetworkService.h; sourceTree = "<group>"; };
		049ACD0820806E0A00B32416 /* NetworkService.m */ = {isa = PBXFileReference; lastKnownFileType = sourcecode.c.objc; path = NetworkService.m; sourceTree = "<group>"; };
		049ACD1120808AF600B32416 /* ForecastDay.h */ = {isa = PBXFileReference; lastKnownFileType = sourcecode.c.h; path = ForecastDay.h; sourceTree = "<group>"; };
		049ACD1220808AF600B32416 /* ForecastDay.m */ = {isa = PBXFileReference; lastKnownFileType = sourcecode.c.objc; path = ForecastDay.m; sourceTree = "<group>"; };
/* End PBXFileReference section */

/* Begin PBXFrameworksBuildPhase section */
		049ACCC42080021800B32416 /* Frameworks */ = {
			isa = PBXFrameworksBuildPhase;
			buildActionMask = 2147483647;
			files = (
			);
			runOnlyForDeploymentPostprocessing = 0;
		};
		049ACCDC2080021900B32416 /* Frameworks */ = {
			isa = PBXFrameworksBuildPhase;
			buildActionMask = 2147483647;
			files = (
			);
			runOnlyForDeploymentPostprocessing = 0;
		};
		049ACCF3208065E300B32416 /* Frameworks */ = {
			isa = PBXFrameworksBuildPhase;
			buildActionMask = 2147483647;
			files = (
			);
			runOnlyForDeploymentPostprocessing = 0;
		};
/* End PBXFrameworksBuildPhase section */

/* Begin PBXGroup section */
		049ACCBE2080021800B32416 = {
			isa = PBXGroup;
			children = (
				049ACCC92080021800B32416 /* WeatherAppTest */,
				049ACCE22080021900B32416 /* WeatherAppTestTests */,
				049ACCF7208065E300B32416 /* WeatherAppTestMockTests */,
				049ACCC82080021800B32416 /* Products */,
			);
			sourceTree = "<group>";
		};
		049ACCC82080021800B32416 /* Products */ = {
			isa = PBXGroup;
			children = (
				049ACCC72080021800B32416 /* WeatherAppTest.app */,
				049ACCDF2080021900B32416 /* WeatherAppTestTests.xctest */,
				049ACCF6208065E300B32416 /* WeatherAppTestMockTests.xctest */,
			);
			name = Products;
			sourceTree = "<group>";
		};
		049ACCC92080021800B32416 /* WeatherAppTest */ = {
			isa = PBXGroup;
			children = (
				049ACD0020806C3800B32416 /* Services */,
				049ACCF0208062E700B32416 /* Controllers */,
				049ACCEF208062E300B32416 /* Views */,
				049ACCEE208062C600B32416 /* Models */,
				049ACCD32080021800B32416 /* Assets.xcassets */,
				049ACCD82080021800B32416 /* Info.plist */,
			);
			path = WeatherAppTest;
			sourceTree = "<group>";
		};
		049ACCE22080021900B32416 /* WeatherAppTestTests */ = {
			isa = PBXGroup;
			children = (
				049ACCE32080021900B32416 /* WeatherAppTestTests.m */,
				049ACCE52080021900B32416 /* Info.plist */,
			);
			path = WeatherAppTestTests;
			sourceTree = "<group>";
		};
		049ACCEE208062C600B32416 /* Models */ = {
			isa = PBXGroup;
			children = (
				049ACD0B2080877B00B32416 /* ForecastDay */,
				049ACD0220806C4B00B32416 /* AppDelegate */,
				049ACCD92080021800B32416 /* main.m */,
			);
			path = Models;
			sourceTree = "<group>";
		};
		049ACCEF208062E300B32416 /* Views */ = {
			isa = PBXGroup;
			children = (
				049ACCD02080021800B32416 /* Main.storyboard */,
				049ACCD52080021800B32416 /* LaunchScreen.storyboard */,
			);
			path = Views;
			sourceTree = "<group>";
		};
		049ACCF0208062E700B32416 /* Controllers */ = {
			isa = PBXGroup;
			children = (
				049ACD0320806D0E00B32416 /* Forecast */,
				049ACCF12080631F00B32416 /* Location */,
			);
			path = Controllers;
			sourceTree = "<group>";
		};
		049ACCF12080631F00B32416 /* Location */ = {
			isa = PBXGroup;
			children = (
				049ACCCD2080021800B32416 /* LocationViewController.h */,
				049ACCCE2080021800B32416 /* LocationViewController.m */,
			);
			path = Location;
			sourceTree = "<group>";
		};
		049ACCF7208065E300B32416 /* WeatherAppTestMockTests */ = {
			isa = PBXGroup;
			children = (
				049ACCF8208065E300B32416 /* WeatherAppTestMockTests.m */,
				049ACCFA208065E300B32416 /* Info.plist */,
			);
			path = WeatherAppTestMockTests;
			sourceTree = "<group>";
		};
		049ACD0020806C3800B32416 /* Services */ = {
			isa = PBXGroup;
			children = (
				049ACD0120806C3C00B32416 /* NetworkService */,
			);
			path = Services;
			sourceTree = "<group>";
		};
		049ACD0120806C3C00B32416 /* NetworkService */ = {
			isa = PBXGroup;
			children = (
				049ACD0720806E0A00B32416 /* NetworkService.h */,
				049ACD0820806E0A00B32416 /* NetworkService.m */,
			);
			path = NetworkService;
			sourceTree = "<group>";
		};
		049ACD0220806C4B00B32416 /* AppDelegate */ = {
			isa = PBXGroup;
			children = (
				049ACCCA2080021800B32416 /* AppDelegate.h */,
				049ACCCB2080021800B32416 /* AppDelegate.m */,
			);
			path = AppDelegate;
			sourceTree = "<group>";
		};
		049ACD0320806D0E00B32416 /* Forecast */ = {
			isa = PBXGroup;
			children = (
				049ACD0420806D8800B32416 /* ForecastViewController.h */,
				049ACD0520806D8800B32416 /* ForecastViewController.m */,
			);
			path = Forecast;
			sourceTree = "<group>";
		};
		049ACD0B2080877B00B32416 /* ForecastDay */ = {
			isa = PBXGroup;
			children = (
				049ACD1120808AF600B32416 /* ForecastDay.h */,
				049ACD1220808AF600B32416 /* ForecastDay.m */,
			);
			path = ForecastDay;
			sourceTree = "<group>";
		};
/* End PBXGroup section */

/* Begin PBXNativeTarget section */
		049ACCC62080021800B32416 /* WeatherAppTest */ = {
			isa = PBXNativeTarget;
			buildConfigurationList = 049ACCE82080021900B32416 /* Build configuration list for PBXNativeTarget "WeatherAppTest" */;
			buildPhases = (
				049ACCC32080021800B32416 /* Sources */,
				049ACCC42080021800B32416 /* Frameworks */,
				049ACCC52080021800B32416 /* Resources */,
			);
			buildRules = (
			);
			dependencies = (
			);
			name = WeatherAppTest;
			productName = WeatherAppTest;
			productReference = 049ACCC72080021800B32416 /* WeatherAppTest.app */;
			productType = "com.apple.product-type.application";
		};
		049ACCDE2080021900B32416 /* WeatherAppTestTests */ = {
			isa = PBXNativeTarget;
			buildConfigurationList = 049ACCEB2080021900B32416 /* Build configuration list for PBXNativeTarget "WeatherAppTestTests" */;
			buildPhases = (
				049ACCDB2080021900B32416 /* Sources */,
				049ACCDC2080021900B32416 /* Frameworks */,
				049ACCDD2080021900B32416 /* Resources */,
			);
			buildRules = (
			);
			dependencies = (
				049ACCE12080021900B32416 /* PBXTargetDependency */,
			);
			name = WeatherAppTestTests;
			productName = WeatherAppTestTests;
			productReference = 049ACCDF2080021900B32416 /* WeatherAppTestTests.xctest */;
			productType = "com.apple.product-type.bundle.unit-test";
		};
		049ACCF5208065E300B32416 /* WeatherAppTestMockTests */ = {
			isa = PBXNativeTarget;
			buildConfigurationList = 049ACCFD208065E300B32416 /* Build configuration list for PBXNativeTarget "WeatherAppTestMockTests" */;
			buildPhases = (
				049ACCF2208065E300B32416 /* Sources */,
				049ACCF3208065E300B32416 /* Frameworks */,
				049ACCF4208065E300B32416 /* Resources */,
			);
			buildRules = (
			);
			dependencies = (
				049ACCFC208065E300B32416 /* PBXTargetDependency */,
			);
			name = WeatherAppTestMockTests;
			productName = WeatherAppTestMockTests;
			productReference = 049ACCF6208065E300B32416 /* WeatherAppTestMockTests.xctest */;
			productType = "com.apple.product-type.bundle.unit-test";
		};
/* End PBXNativeTarget section */

/* Begin PBXProject section */
		049ACCBF2080021800B32416 /* Project object */ = {
			isa = PBXProject;
			attributes = {
				LastUpgradeCheck = 0920;
				ORGANIZATIONNAME = Mac;
				TargetAttributes = {
					049ACCC62080021800B32416 = {
						CreatedOnToolsVersion = 9.2;
						ProvisioningStyle = Automatic;
					};
					049ACCDE2080021900B32416 = {
						CreatedOnToolsVersion = 9.2;
						ProvisioningStyle = Automatic;
						TestTargetID = 049ACCC62080021800B32416;
					};
					049ACCF5208065E300B32416 = {
						CreatedOnToolsVersion = 9.2;
						ProvisioningStyle = Automatic;
						TestTargetID = 049ACCC62080021800B32416;
					};
				};
			};
			buildConfigurationList = 049ACCC22080021800B32416 /* Build configuration list for PBXProject "WeatherAppTest" */;
			compatibilityVersion = "Xcode 8.0";
			developmentRegion = en;
			hasScannedForEncodings = 0;
			knownRegions = (
				en,
				Base,
			);
			mainGroup = 049ACCBE2080021800B32416;
			productRefGroup = 049ACCC82080021800B32416 /* Products */;
			projectDirPath = "";
			projectRoot = "";
			targets = (
				049ACCC62080021800B32416 /* WeatherAppTest */,
				049ACCDE2080021900B32416 /* WeatherAppTestTests */,
				049ACCF5208065E300B32416 /* WeatherAppTestMockTests */,
			);
		};
/* End PBXProject section */

/* Begin PBXResourcesBuildPhase section */
		049ACCC52080021800B32416 /* Resources */ = {
			isa = PBXResourcesBuildPhase;
			buildActionMask = 2147483647;
			files = (
				049ACCD72080021800B32416 /* LaunchScreen.storyboard in Resources */,
				049ACCD42080021800B32416 /* Assets.xcassets in Resources */,
				049ACCD22080021800B32416 /* Main.storyboard in Resources */,
			);
			runOnlyForDeploymentPostprocessing = 0;
		};
		049ACCDD2080021900B32416 /* Resources */ = {
			isa = PBXResourcesBuildPhase;
			buildActionMask = 2147483647;
			files = (
			);
			runOnlyForDeploymentPostprocessing = 0;
		};
		049ACCF4208065E300B32416 /* Resources */ = {
			isa = PBXResourcesBuildPhase;
			buildActionMask = 2147483647;
			files = (
			);
			runOnlyForDeploymentPostprocessing = 0;
		};
/* End PBXResourcesBuildPhase section */

/* Begin PBXSourcesBuildPhase section */
		049ACCC32080021800B32416 /* Sources */ = {
			isa = PBXSourcesBuildPhase;
			buildActionMask = 2147483647;
			files = (
				049ACD1320808AF600B32416 /* ForecastDay.m in Sources */,
				049ACCCF2080021800B32416 /* LocationViewController.m in Sources */,
				049ACD0620806D8800B32416 /* ForecastViewController.m in Sources */,
				049ACCDA2080021800B32416 /* main.m in Sources */,
				049ACCCC2080021800B32416 /* AppDelegate.m in Sources */,
				049ACD0920806E0A00B32416 /* NetworkService.m in Sources */,
			);
			runOnlyForDeploymentPostprocessing = 0;
		};
		049ACCDB2080021900B32416 /* Sources */ = {
			isa = PBXSourcesBuildPhase;
			buildActionMask = 2147483647;
			files = (
				049ACCE42080021900B32416 /* WeatherAppTestTests.m in Sources */,
			);
			runOnlyForDeploymentPostprocessing = 0;
		};
		049ACCF2208065E300B32416 /* Sources */ = {
			isa = PBXSourcesBuildPhase;
			buildActionMask = 2147483647;
			files = (
				049ACCF9208065E300B32416 /* WeatherAppTestMockTests.m in Sources */,
			);
			runOnlyForDeploymentPostprocessing = 0;
		};
/* End PBXSourcesBuildPhase section */

/* Begin PBXTargetDependency section */
		049ACCE12080021900B32416 /* PBXTargetDependency */ = {
			isa = PBXTargetDependency;
			target = 049ACCC62080021800B32416 /* WeatherAppTest */;
			targetProxy = 049ACCE02080021900B32416 /* PBXContainerItemProxy */;
		};
		049ACCFC208065E300B32416 /* PBXTargetDependency */ = {
			isa = PBXTargetDependency;
			target = 049ACCC62080021800B32416 /* WeatherAppTest */;
			targetProxy = 049ACCFB208065E300B32416 /* PBXContainerItemProxy */;
		};
/* End PBXTargetDependency section */

/* Begin PBXVariantGroup section */
		049ACCD02080021800B32416 /* Main.storyboard */ = {
			isa = PBXVariantGroup;
			children = (
				049ACCD12080021800B32416 /* Base */,
			);
			name = Main.storyboard;
			sourceTree = "<group>";
		};
		049ACCD52080021800B32416 /* LaunchScreen.storyboard */ = {
			isa = PBXVariantGroup;
			children = (
				049ACCD62080021800B32416 /* Base */,
			);
			name = LaunchScreen.storyboard;
			sourceTree = "<group>";
		};
/* End PBXVariantGroup section */

/* Begin XCBuildConfiguration section */
		049ACCE62080021900B32416 /* Debug */ = {
			isa = XCBuildConfiguration;
			buildSettings = {
				ALWAYS_SEARCH_USER_PATHS = NO;
				CLANG_ANALYZER_NONNULL = YES;
				CLANG_ANALYZER_NUMBER_OBJECT_CONVERSION = YES_AGGRESSIVE;
				CLANG_CXX_LANGUAGE_STANDARD = "gnu++14";
				CLANG_CXX_LIBRARY = "libc++";
				CLANG_ENABLE_MODULES = YES;
				CLANG_ENABLE_OBJC_ARC = YES;
				CLANG_WARN_BLOCK_CAPTURE_AUTORELEASING = YES;
				CLANG_WARN_BOOL_CONVERSION = YES;
				CLANG_WARN_COMMA = YES;
				CLANG_WARN_CONSTANT_CONVERSION = YES;
				CLANG_WARN_DIRECT_OBJC_ISA_USAGE = YES_ERROR;
				CLANG_WARN_DOCUMENTATION_COMMENTS = YES;
				CLANG_WARN_EMPTY_BODY = YES;
				CLANG_WARN_ENUM_CONVERSION = YES;
				CLANG_WARN_INFINITE_RECURSION = YES;
				CLANG_WARN_INT_CONVERSION = YES;
				CLANG_WARN_NON_LITERAL_NULL_CONVERSION = YES;
				CLANG_WARN_OBJC_LITERAL_CONVERSION = YES;
				CLANG_WARN_OBJC_ROOT_CLASS = YES_ERROR;
				CLANG_WARN_RANGE_LOOP_ANALYSIS = YES;
				CLANG_WARN_STRICT_PROTOTYPES = YES;
				CLANG_WARN_SUSPICIOUS_MOVE = YES;
				CLANG_WARN_UNGUARDED_AVAILABILITY = YES_AGGRESSIVE;
				CLANG_WARN_UNREACHABLE_CODE = YES;
				CLANG_WARN__DUPLICATE_METHOD_MATCH = YES;
				CODE_SIGN_IDENTITY = "iPhone Developer";
				COPY_PHASE_STRIP = NO;
				DEBUG_INFORMATION_FORMAT = dwarf;
				ENABLE_STRICT_OBJC_MSGSEND = YES;
				ENABLE_TESTABILITY = YES;
				GCC_C_LANGUAGE_STANDARD = gnu11;
				GCC_DYNAMIC_NO_PIC = NO;
				GCC_NO_COMMON_BLOCKS = YES;
				GCC_OPTIMIZATION_LEVEL = 0;
				GCC_PREPROCESSOR_DEFINITIONS = (
					"DEBUG=1",
					"$(inherited)",
				);
				GCC_WARN_64_TO_32_BIT_CONVERSION = YES;
				GCC_WARN_ABOUT_RETURN_TYPE = YES_ERROR;
				GCC_WARN_UNDECLARED_SELECTOR = YES;
				GCC_WARN_UNINITIALIZED_AUTOS = YES_AGGRESSIVE;
				GCC_WARN_UNUSED_FUNCTION = YES;
				GCC_WARN_UNUSED_VARIABLE = YES;
				IPHONEOS_DEPLOYMENT_TARGET = 11.2;
				MTL_ENABLE_DEBUG_INFO = YES;
				ONLY_ACTIVE_ARCH = YES;
				SDKROOT = iphoneos;
			};
			name = Debug;
		};
		049ACCE72080021900B32416 /* Release */ = {
			isa = XCBuildConfiguration;
			buildSettings = {
				ALWAYS_SEARCH_USER_PATHS = NO;
				CLANG_ANALYZER_NONNULL = YES;
				CLANG_ANALYZER_NUMBER_OBJECT_CONVERSION = YES_AGGRESSIVE;
				CLANG_CXX_LANGUAGE_STANDARD = "gnu++14";
				CLANG_CXX_LIBRARY = "libc++";
				CLANG_ENABLE_MODULES = YES;
				CLANG_ENABLE_OBJC_ARC = YES;
				CLANG_WARN_BLOCK_CAPTURE_AUTORELEASING = YES;
				CLANG_WARN_BOOL_CONVERSION = YES;
				CLANG_WARN_COMMA = YES;
				CLANG_WARN_CONSTANT_CONVERSION = YES;
				CLANG_WARN_DIRECT_OBJC_ISA_USAGE = YES_ERROR;
				CLANG_WARN_DOCUMENTATION_COMMENTS = YES;
				CLANG_WARN_EMPTY_BODY = YES;
				CLANG_WARN_ENUM_CONVERSION = YES;
				CLANG_WARN_INFINITE_RECURSION = YES;
				CLANG_WARN_INT_CONVERSION = YES;
				CLANG_WARN_NON_LITERAL_NULL_CONVERSION = YES;
				CLANG_WARN_OBJC_LITERAL_CONVERSION = YES;
				CLANG_WARN_OBJC_ROOT_CLASS = YES_ERROR;
				CLANG_WARN_RANGE_LOOP_ANALYSIS = YES;
				CLANG_WARN_STRICT_PROTOTYPES = YES;
				CLANG_WARN_SUSPICIOUS_MOVE = YES;
				CLANG_WARN_UNGUARDED_AVAILABILITY = YES_AGGRESSIVE;
				CLANG_WARN_UNREACHABLE_CODE = YES;
				CLANG_WARN__DUPLICATE_METHOD_MATCH = YES;
				CODE_SIGN_IDENTITY = "iPhone Developer";
				COPY_PHASE_STRIP = NO;
				DEBUG_INFORMATION_FORMAT = "dwarf-with-dsym";
				ENABLE_NS_ASSERTIONS = NO;
				ENABLE_STRICT_OBJC_MSGSEND = YES;
				GCC_C_LANGUAGE_STANDARD = gnu11;
				GCC_NO_COMMON_BLOCKS = YES;
				GCC_WARN_64_TO_32_BIT_CONVERSION = YES;
				GCC_WARN_ABOUT_RETURN_TYPE = YES_ERROR;
				GCC_WARN_UNDECLARED_SELECTOR = YES;
				GCC_WARN_UNINITIALIZED_AUTOS = YES_AGGRESSIVE;
				GCC_WARN_UNUSED_FUNCTION = YES;
				GCC_WARN_UNUSED_VARIABLE = YES;
				IPHONEOS_DEPLOYMENT_TARGET = 11.2;
				MTL_ENABLE_DEBUG_INFO = NO;
				SDKROOT = iphoneos;
				VALIDATE_PRODUCT = YES;
			};
			name = Release;
		};
		049ACCE92080021900B32416 /* Debug */ = {
			isa = XCBuildConfiguration;
			buildSettings = {
				ASSETCATALOG_COMPILER_APPICON_NAME = AppIcon;
				CODE_SIGN_STYLE = Automatic;
				INFOPLIST_FILE = WeatherAppTest/Info.plist;
				LD_RUNPATH_SEARCH_PATHS = "$(inherited) @executable_path/Frameworks";
				PRODUCT_BUNDLE_IDENTIFIER = ios.umbrellaCorp.WeatherAppTest;
				PRODUCT_NAME = "$(TARGET_NAME)";
				TARGETED_DEVICE_FAMILY = "1,2";
			};
			name = Debug;
		};
		049ACCEA2080021900B32416 /* Release */ = {
			isa = XCBuildConfiguration;
			buildSettings = {
				ASSETCATALOG_COMPILER_APPICON_NAME = AppIcon;
				CODE_SIGN_STYLE = Automatic;
				INFOPLIST_FILE = WeatherAppTest/Info.plist;
				LD_RUNPATH_SEARCH_PATHS = "$(inherited) @executable_path/Frameworks";
				PRODUCT_BUNDLE_IDENTIFIER = ios.umbrellaCorp.WeatherAppTest;
				PRODUCT_NAME = "$(TARGET_NAME)";
				TARGETED_DEVICE_FAMILY = "1,2";
			};
			name = Release;
		};
		049ACCEC2080021900B32416 /* Debug */ = {
			isa = XCBuildConfiguration;
			buildSettings = {
				BUNDLE_LOADER = "$(TEST_HOST)";
				CODE_SIGN_STYLE = Automatic;
				INFOPLIST_FILE = WeatherAppTestTests/Info.plist;
				LD_RUNPATH_SEARCH_PATHS = "$(inherited) @executable_path/Frameworks @loader_path/Frameworks";
				PRODUCT_BUNDLE_IDENTIFIER = ios.umbrellaCorp.WeatherAppTestTests;
				PRODUCT_NAME = "$(TARGET_NAME)";
				TARGETED_DEVICE_FAMILY = "1,2";
				TEST_HOST = "$(BUILT_PRODUCTS_DIR)/WeatherAppTest.app/WeatherAppTest";
			};
			name = Debug;
		};
		049ACCED2080021900B32416 /* Release */ = {
			isa = XCBuildConfiguration;
			buildSettings = {
				BUNDLE_LOADER = "$(TEST_HOST)";
				CODE_SIGN_STYLE = Automatic;
				INFOPLIST_FILE = WeatherAppTestTests/Info.plist;
				LD_RUNPATH_SEARCH_PATHS = "$(inherited) @executable_path/Frameworks @loader_path/Frameworks";
				PRODUCT_BUNDLE_IDENTIFIER = ios.umbrellaCorp.WeatherAppTestTests;
				PRODUCT_NAME = "$(TARGET_NAME)";
				TARGETED_DEVICE_FAMILY = "1,2";
				TEST_HOST = "$(BUILT_PRODUCTS_DIR)/WeatherAppTest.app/WeatherAppTest";
			};
			name = Release;
		};
		049ACCFE208065E300B32416 /* Debug */ = {
			isa = XCBuildConfiguration;
			buildSettings = {
				BUNDLE_LOADER = "$(TEST_HOST)";
				CODE_SIGN_STYLE = Automatic;
				INFOPLIST_FILE = WeatherAppTestMockTests/Info.plist;
				LD_RUNPATH_SEARCH_PATHS = "$(inherited) @executable_path/Frameworks @loader_path/Frameworks";
				PRODUCT_BUNDLE_IDENTIFIER = ios.umbrellaCorp.WeatherAppTestMockTests;
				PRODUCT_NAME = "$(TARGET_NAME)";
				TARGETED_DEVICE_FAMILY = "1,2";
				TEST_HOST = "$(BUILT_PRODUCTS_DIR)/WeatherAppTest.app/WeatherAppTest";
			};
			name = Debug;
		};
		049ACCFF208065E300B32416 /* Release */ = {
			isa = XCBuildConfiguration;
			buildSettings = {
				BUNDLE_LOADER = "$(TEST_HOST)";
				CODE_SIGN_STYLE = Automatic;
				INFOPLIST_FILE = WeatherAppTestMockTests/Info.plist;
				LD_RUNPATH_SEARCH_PATHS = "$(inherited) @executable_path/Frameworks @loader_path/Frameworks";
				PRODUCT_BUNDLE_IDENTIFIER = ios.umbrellaCorp.WeatherAppTestMockTests;
				PRODUCT_NAME = "$(TARGET_NAME)";
				TARGETED_DEVICE_FAMILY = "1,2";
				TEST_HOST = "$(BUILT_PRODUCTS_DIR)/WeatherAppTest.app/WeatherAppTest";
			};
			name = Release;
		};
/* End XCBuildConfiguration section */

/* Begin XCConfigurationList section */
		049ACCC22080021800B32416 /* Build configuration list for PBXProject "WeatherAppTest" */ = {
			isa = XCConfigurationList;
			buildConfigurations = (
				049ACCE62080021900B32416 /* Debug */,
				049ACCE72080021900B32416 /* Release */,
			);
			defaultConfigurationIsVisible = 0;
			defaultConfigurationName = Release;
		};
		049ACCE82080021900B32416 /* Build configuration list for PBXNativeTarget "WeatherAppTest" */ = {
			isa = XCConfigurationList;
			buildConfigurations = (
				049ACCE92080021900B32416 /* Debug */,
				049ACCEA2080021900B32416 /* Release */,
			);
			defaultConfigurationIsVisible = 0;
			defaultConfigurationName = Release;
		};
		049ACCEB2080021900B32416 /* Build configuration list for PBXNativeTarget "WeatherAppTestTests" */ = {
			isa = XCConfigurationList;
			buildConfigurations = (
				049ACCEC2080021900B32416 /* Debug */,
				049ACCED2080021900B32416 /* Release */,
			);
			defaultConfigurationIsVisible = 0;
			defaultConfigurationName = Release;
		};
		049ACCFD208065E300B32416 /* Build configuration list for PBXNativeTarget "WeatherAppTestMockTests" */ = {
			isa = XCConfigurationList;
			buildConfigurations = (
				049ACCFE208065E300B32416 /* Debug */,
				049ACCFF208065E300B32416 /* Release */,
			);
			defaultConfigurationIsVisible = 0;
			defaultConfigurationName = Release;
		};
/* End XCConfigurationList section */
	};
	rootObject = 049ACCBF2080021800B32416 /* Project object */;
}
